
Microsoft Visual Studio Solution File, Format Version 11.00
# Visual Studio 2010
Project("{FAE04EC0-301F-11D3-BF4B-00C04F79EFBC}") = "DecisionSupportSystem", "DecisionSupportSystem\DecisionSupportSystem.csproj", "{47B5B76B-8FF1-4A81-A256-173E22A57DE4}"
EndProject
Global
	GlobalSection(SolutionConfigurationPlatforms) = preSolution
		Debug|x86 = Debug|x86
		Release|x86 = Release|x86
	EndGlobalSection
	GlobalSection(ProjectConfigurationPlatforms) = postSolution
		{47B5B76B-8FF1-4A81-A256-173E22A57DE4}.Debug|x86.ActiveCfg = Debug|Any CPU
		{47B5B76B-8FF1-4A81-A256-173E22A57DE4}.Release|x86.ActiveCfg = Release|Any CPU
	EndGlobalSection
	GlobalSection(SolutionProperties) = preSolution
		HideSolutionNode = FALSE
	EndGlobalSection
EndGlobal
